
Microsoft Visual Studio Solution File, Format Version 11.00
# Visual Studio 2010
Project("{8BC9CEB8-8B4A-11D0-8D11-00A0C91BC942}") = "App_ExampleBrowser", "App_ExampleBrowser.vcxproj", "{C36AC696-F0D9-1F49-8E18-09A912692511}"
	ProjectSection(ProjectDependencies) = postProject
		{F8351BAE-44B1-6346-8979-AFE6943BA3D5} = {F8351BAE-44B1-6346-8979-AFE6943BA3D5}
		{6116CACB-CF3F-D74D-A045-E15FD1C85123} = {6116CACB-CF3F-D74D-A045-E15FD1C85123}
		{E4B7A27D-CE58-114A-986B-EF50AC5B99A1} = {E4B7A27D-CE58-114A-986B-EF50AC5B99A1}
		{980FD028-CF75-0947-B7DD-DB0D5867961B} = {980FD028-CF75-0947-B7DD-DB0D5867961B}
		{9589E5E5-FB11-1C4C-84C6-F72BEF97DB16} = {9589E5E5-FB11-1C4C-84C6-F72BEF97DB16}
		{E29B355E-E106-2E43-B883-CB1E4ABEA0C2} = {E29B355E-E106-2E43-B883-CB1E4ABEA0C2}
		{CFBE368E-2EC7-3D48-9846-5618E706252D} = {CFBE368E-2EC7-3D48-9846-5618E706252D}
		{3BC23451-7FD8-114B-A03C-24B80358A016} = {3BC23451-7FD8-114B-A03C-24B80358A016}
		{82CE69CD-9ED7-6142-8A64-0455F7FDFFEA} = {82CE69CD-9ED7-6142-8A64-0455F7FDFFEA}
		{EB2BEB6A-CC93-D04E-AF32-842F8CF7E16A} = {EB2BEB6A-CC93-D04E-AF32-842F8CF7E16A}
		{EC8999A9-E6DD-F644-81FA-8134FF6FF1C8} = {EC8999A9-E6DD-F644-81FA-8134FF6FF1C8}
	EndProjectSection
EndProject
Project("{8BC9CEB8-8B4A-11D0-8D11-00A0C91BC942}") = "OpenGL_Window", "OpenGL_Window.vcxproj", "{6116CACB-CF3F-D74D-A045-E15FD1C85123}"
EndProject
Project("{8BC9CEB8-8B4A-11D0-8D11-00A0C91BC942}") = "App_SharedMemoryPhysics", "App_SharedMemoryPhysics.vcxproj", "{AAEB27A2-FB77-CC4A-9901-2FF8EE0EC710}"
	ProjectSection(ProjectDependencies) = postProject
		{CFBE368E-2EC7-3D48-9846-5618E706252D} = {CFBE368E-2EC7-3D48-9846-5618E706252D}
		{980FD028-CF75-0947-B7DD-DB0D5867961B} = {980FD028-CF75-0947-B7DD-DB0D5867961B}
		{9589E5E5-FB11-1C4C-84C6-F72BEF97DB16} = {9589E5E5-FB11-1C4C-84C6-F72BEF97DB16}
		{E29B355E-E106-2E43-B883-CB1E4ABEA0C2} = {E29B355E-E106-2E43-B883-CB1E4ABEA0C2}
	EndProjectSection
EndProject
Project("{8BC9CEB8-8B4A-11D0-8D11-00A0C91BC942}") = "gwen", "gwen.vcxproj", "{F8351BAE-44B1-6346-8979-AFE6943BA3D5}"
EndProject
Project("{8BC9CEB8-8B4A-11D0-8D11-00A0C91BC942}") = "HACD", "HACD.vcxproj", "{9A456D49-51EF-FE45-B47B-E55C260DF43C}"
EndProject
Project("{8BC9CEB8-8B4A-11D0-8D11-00A0C91BC942}") = "ConvexDecomposition", "ConvexDecomposition.vcxproj", "{B79424A3-8BB8-1D47-A763-1CBCB57432BC}"
EndProject
Project("{8BC9CEB8-8B4A-11D0-8D11-00A0C91BC942}") = "BulletFileLoader", "BulletFileLoader.vcxproj", "{5752B934-7381-9140-BC07-BDD4B2CB75EE}"
EndProject
Project("{8BC9CEB8-8B4A-11D0-8D11-00A0C91BC942}") = "BulletWorldImporter", "BulletWorldImporter.vcxproj", "{69611814-716F-9449-8BC5-502DD752CAC3}"
EndProject
Project("{8BC9CEB8-8B4A-11D0-8D11-00A0C91BC942}") = "BulletXmlWorldImporter", "BulletXmlWorldImporter.vcxproj", "{796653E4-D1DC-9B4F-9020-031804AC7F57}"
EndProject
Project("{8BC9CEB8-8B4A-11D0-8D11-00A0C91BC942}") = "App_HelloWorld", "App_HelloWorld.vcxproj", "{42911586-6C5F-A148-805A-9BA470D28CC2}"
	ProjectSection(ProjectDependencies) = postProject
		{980FD028-CF75-0947-B7DD-DB0D5867961B} = {980FD028-CF75-0947-B7DD-DB0D5867961B}
		{9589E5E5-FB11-1C4C-84C6-F72BEF97DB16} = {9589E5E5-FB11-1C4C-84C6-F72BEF97DB16}
		{E29B355E-E106-2E43-B883-CB1E4ABEA0C2} = {E29B355E-E106-2E43-B883-CB1E4ABEA0C2}
	EndProjectSection
EndProject
Project("{8BC9CEB8-8B4A-11D0-8D11-00A0C91BC942}") = "App_BasicExample", "App_BasicExample.vcxproj", "{3E517FD1-AA58-0949-B2BC-8345D498F154}"
	ProjectSection(ProjectDependencies) = postProject
		{980FD028-CF75-0947-B7DD-DB0D5867961B} = {980FD028-CF75-0947-B7DD-DB0D5867961B}
		{9589E5E5-FB11-1C4C-84C6-F72BEF97DB16} = {9589E5E5-FB11-1C4C-84C6-F72BEF97DB16}
		{E29B355E-E106-2E43-B883-CB1E4ABEA0C2} = {E29B355E-E106-2E43-B883-CB1E4ABEA0C2}
	EndProjectSection
EndProject
Project("{8BC9CEB8-8B4A-11D0-8D11-00A0C91BC942}") = "Test_SharedMemoryPhysicsClient", "Test_SharedMemoryPhysicsClient.vcxproj", "{847278ED-BA23-6641-9767-746CDEF56AB6}"
	ProjectSection(ProjectDependencies) = postProject
		{5752B934-7381-9140-BC07-BDD4B2CB75EE} = {5752B934-7381-9140-BC07-BDD4B2CB75EE}
		{CFBE368E-2EC7-3D48-9846-5618E706252D} = {CFBE368E-2EC7-3D48-9846-5618E706252D}
		{E29B355E-E106-2E43-B883-CB1E4ABEA0C2} = {E29B355E-E106-2E43-B883-CB1E4ABEA0C2}
	EndProjectSection
EndProject
Project("{8BC9CEB8-8B4A-11D0-8D11-00A0C91BC942}") = "Bullet3Common", "Bullet3Common.vcxproj", "{CFBE368E-2EC7-3D48-9846-5618E706252D}"
EndProject
Project("{8BC9CEB8-8B4A-11D0-8D11-00A0C91BC942}") = "Bullet3Geometry", "Bullet3Geometry.vcxproj", "{EC8999A9-E6DD-F644-81FA-8134FF6FF1C8}"
EndProject
Project("{8BC9CEB8-8B4A-11D0-8D11-00A0C91BC942}") = "Bullet3Collision", "Bullet3Collision.vcxproj", "{EB2BEB6A-CC93-D04E-AF32-842F8CF7E16A}"
EndProject
Project("{8BC9CEB8-8B4A-11D0-8D11-00A0C91BC942}") = "Bullet3Dynamics", "Bullet3Dynamics.vcxproj", "{82CE69CD-9ED7-6142-8A64-0455F7FDFFEA}"
EndProject
Project("{8BC9CEB8-8B4A-11D0-8D11-00A0C91BC942}") = "Bullet3OpenCL_clew", "Bullet3OpenCL_clew.vcxproj", "{3BC23451-7FD8-114B-A03C-24B80358A016}"
EndProject
Project("{8BC9CEB8-8B4A-11D0-8D11-00A0C91BC942}") = "Bullet2FileLoader", "Bullet2FileLoader.vcxproj", "{6323F0B8-1512-374B-AA36-D39195D6915C}"
EndProject
Project("{8BC9CEB8-8B4A-11D0-8D11-00A0C91BC942}") = "gtest", "gtest.vcxproj", "{77F891DD-6099-9B4C-92A0-09065BAB06B1}"
EndProject
Project("{8BC9CEB8-8B4A-11D0-8D11-00A0C91BC942}") = "Test_BulletCollision", "Test_BulletCollision.vcxproj", "{2867B845-AF51-C548-93A0-8EAF05717D72}"
	ProjectSection(ProjectDependencies) = postProject
		{E29B355E-E106-2E43-B883-CB1E4ABEA0C2} = {E29B355E-E106-2E43-B883-CB1E4ABEA0C2}
		{77F891DD-6099-9B4C-92A0-09065BAB06B1} = {77F891DD-6099-9B4C-92A0-09065BAB06B1}
	EndProjectSection
EndProject
Project("{8BC9CEB8-8B4A-11D0-8D11-00A0C91BC942}") = "Test_OpenCL_Bullet3", "Test_OpenCL_Bullet3.vcxproj", "{CA0CDECB-6661-6447-A6B4-A3C929C5F488}"
	ProjectSection(ProjectDependencies) = postProject
		{77F891DD-6099-9B4C-92A0-09065BAB06B1} = {77F891DD-6099-9B4C-92A0-09065BAB06B1}
		{3BC23451-7FD8-114B-A03C-24B80358A016} = {3BC23451-7FD8-114B-A03C-24B80358A016}
		{CFBE368E-2EC7-3D48-9846-5618E706252D} = {CFBE368E-2EC7-3D48-9846-5618E706252D}
	EndProjectSection
EndProject
Project("{8BC9CEB8-8B4A-11D0-8D11-00A0C91BC942}") = "Test_Gwen_OpenGL", "Test_Gwen_OpenGL.vcxproj", "{1A538F50-611A-9947-BDB4-471721B16807}"
	ProjectSection(ProjectDependencies) = postProject
		{F8351BAE-44B1-6346-8979-AFE6943BA3D5} = {F8351BAE-44B1-6346-8979-AFE6943BA3D5}
	EndProjectSection
EndProject
Project("{8BC9CEB8-8B4A-11D0-8D11-00A0C91BC942}") = "Test_LinearMath", "Test_LinearMath.vcxproj", "{ACF23022-515A-6D46-BE04-CE32B20BEB50}"
	ProjectSection(ProjectDependencies) = postProject
		{980FD028-CF75-0947-B7DD-DB0D5867961B} = {980FD028-CF75-0947-B7DD-DB0D5867961B}
		{9589E5E5-FB11-1C4C-84C6-F72BEF97DB16} = {9589E5E5-FB11-1C4C-84C6-F72BEF97DB16}
		{E29B355E-E106-2E43-B883-CB1E4ABEA0C2} = {E29B355E-E106-2E43-B883-CB1E4ABEA0C2}
	EndProjectSection
EndProject
Project("{8BC9CEB8-8B4A-11D0-8D11-00A0C91BC942}") = "BulletSoftBody", "BulletSoftBody.vcxproj", "{E4B7A27D-CE58-114A-986B-EF50AC5B99A1}"
EndProject
Project("{8BC9CEB8-8B4A-11D0-8D11-00A0C91BC942}") = "BulletDynamics", "BulletDynamics.vcxproj", "{980FD028-CF75-0947-B7DD-DB0D5867961B}"
EndProject
Project("{8BC9CEB8-8B4A-11D0-8D11-00A0C91BC942}") = "BulletCollision", "BulletCollision.vcxproj", "{9589E5E5-FB11-1C4C-84C6-F72BEF97DB16}"
EndProject
Project("{8BC9CEB8-8B4A-11D0-8D11-00A0C91BC942}") = "LinearMath", "LinearMath.vcxproj", "{E29B355E-E106-2E43-B883-CB1E4ABEA0C2}"
EndProject
Global
	GlobalSection(SolutionConfigurationPlatforms) = preSolution
		Release|Win32 = Release|Win32
		Release|x64 = Release|x64
		Debug|Win32 = Debug|Win32
		Debug|x64 = Debug|x64
	EndGlobalSection
	GlobalSection(ProjectConfigurationPlatforms) = postSolution
		{C36AC696-F0D9-1F49-8E18-09A912692511}.Release|Win32.ActiveCfg = Release|Win32
		{C36AC696-F0D9-1F49-8E18-09A912692511}.Release|Win32.Build.0 = Release|Win32
		{C36AC696-F0D9-1F49-8E18-09A912692511}.Release|x64.ActiveCfg = Release|x64
		{C36AC696-F0D9-1F49-8E18-09A912692511}.Release|x64.Build.0 = Release|x64
		{C36AC696-F0D9-1F49-8E18-09A912692511}.Debug|Win32.ActiveCfg = Debug|Win32
		{C36AC696-F0D9-1F49-8E18-09A912692511}.Debug|Win32.Build.0 = Debug|Win32
		{C36AC696-F0D9-1F49-8E18-09A912692511}.Debug|x64.ActiveCfg = Debug|x64
		{C36AC696-F0D9-1F49-8E18-09A912692511}.Debug|x64.Build.0 = Debug|x64
		{6116CACB-CF3F-D74D-A045-E15FD1C85123}.Release|Win32.ActiveCfg = Release|Win32
		{6116CACB-CF3F-D74D-A045-E15FD1C85123}.Release|Win32.Build.0 = Release|Win32
		{6116CACB-CF3F-D74D-A045-E15FD1C85123}.Release|x64.ActiveCfg = Release|x64
		{6116CACB-CF3F-D74D-A045-E15FD1C85123}.Release|x64.Build.0 = Release|x64
		{6116CACB-CF3F-D74D-A045-E15FD1C85123}.Debug|Win32.ActiveCfg = Debug|Win32
		{6116CACB-CF3F-D74D-A045-E15FD1C85123}.Debug|Win32.Build.0 = Debug|Win32
		{6116CACB-CF3F-D74D-A045-E15FD1C85123}.Debug|x64.ActiveCfg = Debug|x64
		{6116CACB-CF3F-D74D-A045-E15FD1C85123}.Debug|x64.Build.0 = Debug|x64
		{AAEB27A2-FB77-CC4A-9901-2FF8EE0EC710}.Release|Win32.ActiveCfg = Release|Win32
		{AAEB27A2-FB77-CC4A-9901-2FF8EE0EC710}.Release|Win32.Build.0 = Release|Win32
		{AAEB27A2-FB77-CC4A-9901-2FF8EE0EC710}.Release|x64.ActiveCfg = Release|x64
		{AAEB27A2-FB77-CC4A-9901-2FF8EE0EC710}.Release|x64.Build.0 = Release|x64
		{AAEB27A2-FB77-CC4A-9901-2FF8EE0EC710}.Debug|Win32.ActiveCfg = Debug|Win32
		{AAEB27A2-FB77-CC4A-9901-2FF8EE0EC710}.Debug|Win32.Build.0 = Debug|Win32
		{AAEB27A2-FB77-CC4A-9901-2FF8EE0EC710}.Debug|x64.ActiveCfg = Debug|x64
		{AAEB27A2-FB77-CC4A-9901-2FF8EE0EC710}.Debug|x64.Build.0 = Debug|x64
		{F8351BAE-44B1-6346-8979-AFE6943BA3D5}.Release|Win32.ActiveCfg = Release|Win32
		{F8351BAE-44B1-6346-8979-AFE6943BA3D5}.Release|Win32.Build.0 = Release|Win32
		{F8351BAE-44B1-6346-8979-AFE6943BA3D5}.Release|x64.ActiveCfg = Release|x64
		{F8351BAE-44B1-6346-8979-AFE6943BA3D5}.Release|x64.Build.0 = Release|x64
		{F8351BAE-44B1-6346-8979-AFE6943BA3D5}.Debug|Win32.ActiveCfg = Debug|Win32
		{F8351BAE-44B1-6346-8979-AFE6943BA3D5}.Debug|Win32.Build.0 = Debug|Win32
		{F8351BAE-44B1-6346-8979-AFE6943BA3D5}.Debug|x64.ActiveCfg = Debug|x64
		{F8351BAE-44B1-6346-8979-AFE6943BA3D5}.Debug|x64.Build.0 = Debug|x64
		{9A456D49-51EF-FE45-B47B-E55C260DF43C}.Release|Win32.ActiveCfg = Release|Win32
		{9A456D49-51EF-FE45-B47B-E55C260DF43C}.Release|Win32.Build.0 = Release|Win32
		{9A456D49-51EF-FE45-B47B-E55C260DF43C}.Release|x64.ActiveCfg = Release|x64
		{9A456D49-51EF-FE45-B47B-E55C260DF43C}.Release|x64.Build.0 = Release|x64
		{9A456D49-51EF-FE45-B47B-E55C260DF43C}.Debug|Win32.ActiveCfg = Debug|Win32
		{9A456D49-51EF-FE45-B47B-E55C260DF43C}.Debug|Win32.Build.0 = Debug|Win32
		{9A456D49-51EF-FE45-B47B-E55C260DF43C}.Debug|x64.ActiveCfg = Debug|x64
		{9A456D49-51EF-FE45-B47B-E55C260DF43C}.Debug|x64.Build.0 = Debug|x64
		{B79424A3-8BB8-1D47-A763-1CBCB57432BC}.Release|Win32.ActiveCfg = Release|Win32
		{B79424A3-8BB8-1D47-A763-1CBCB57432BC}.Release|Win32.Build.0 = Release|Win32
		{B79424A3-8BB8-1D47-A763-1CBCB57432BC}.Release|x64.ActiveCfg = Release|x64
		{B79424A3-8BB8-1D47-A763-1CBCB57432BC}.Release|x64.Build.0 = Release|x64
		{B79424A3-8BB8-1D47-A763-1CBCB57432BC}.Debug|Win32.ActiveCfg = Debug|Win32
		{B79424A3-8BB8-1D47-A763-1CBCB57432BC}.Debug|Win32.Build.0 = Debug|Win32
		{B79424A3-8BB8-1D47-A763-1CBCB57432BC}.Debug|x64.ActiveCfg = Debug|x64
		{B79424A3-8BB8-1D47-A763-1CBCB57432BC}.Debug|x64.Build.0 = Debug|x64
		{5752B934-7381-9140-BC07-BDD4B2CB75EE}.Release|Win32.ActiveCfg = Release|Win32
		{5752B934-7381-9140-BC07-BDD4B2CB75EE}.Release|Win32.Build.0 = Release|Win32
		{5752B934-7381-9140-BC07-BDD4B2CB75EE}.Release|x64.ActiveCfg = Release|x64
		{5752B934-7381-9140-BC07-BDD4B2CB75EE}.Release|x64.Build.0 = Release|x64
		{5752B934-7381-9140-BC07-BDD4B2CB75EE}.Debug|Win32.ActiveCfg = Debug|Win32
		{5752B934-7381-9140-BC07-BDD4B2CB75EE}.Debug|Win32.Build.0 = Debug|Win32
		{5752B934-7381-9140-BC07-BDD4B2CB75EE}.Debug|x64.ActiveCfg = Debug|x64
		{5752B934-7381-9140-BC07-BDD4B2CB75EE}.Debug|x64.Build.0 = Debug|x64
		{69611814-716F-9449-8BC5-502DD752CAC3}.Release|Win32.ActiveCfg = Release|Win32
		{69611814-716F-9449-8BC5-502DD752CAC3}.Release|Win32.Build.0 = Release|Win32
		{69611814-716F-9449-8BC5-502DD752CAC3}.Release|x64.ActiveCfg = Release|x64
		{69611814-716F-9449-8BC5-502DD752CAC3}.Release|x64.Build.0 = Release|x64
		{69611814-716F-9449-8BC5-502DD752CAC3}.Debug|Win32.ActiveCfg = Debug|Win32
		{69611814-716F-9449-8BC5-502DD752CAC3}.Debug|Win32.Build.0 = Debug|Win32
		{69611814-716F-9449-8BC5-502DD752CAC3}.Debug|x64.ActiveCfg = Debug|x64
		{69611814-716F-9449-8BC5-502DD752CAC3}.Debug|x64.Build.0 = Debug|x64
		{796653E4-D1DC-9B4F-9020-031804AC7F57}.Release|Win32.ActiveCfg = Release|Win32
		{796653E4-D1DC-9B4F-9020-031804AC7F57}.Release|Win32.Build.0 = Release|Win32
		{796653E4-D1DC-9B4F-9020-031804AC7F57}.Release|x64.ActiveCfg = Release|x64
		{796653E4-D1DC-9B4F-9020-031804AC7F57}.Release|x64.Build.0 = Release|x64
		{796653E4-D1DC-9B4F-9020-031804AC7F57}.Debug|Win32.ActiveCfg = Debug|Win32
		{796653E4-D1DC-9B4F-9020-031804AC7F57}.Debug|Win32.Build.0 = Debug|Win32
		{796653E4-D1DC-9B4F-9020-031804AC7F57}.Debug|x64.ActiveCfg = Debug|x64
		{796653E4-D1DC-9B4F-9020-031804AC7F57}.Debug|x64.Build.0 = Debug|x64
		{42911586-6C5F-A148-805A-9BA470D28CC2}.Release|Win32.ActiveCfg = Release|Win32
		{42911586-6C5F-A148-805A-9BA470D28CC2}.Release|Win32.Build.0 = Release|Win32
		{42911586-6C5F-A148-805A-9BA470D28CC2}.Release|x64.ActiveCfg = Release|x64
		{42911586-6C5F-A148-805A-9BA470D28CC2}.Release|x64.Build.0 = Release|x64
		{42911586-6C5F-A148-805A-9BA470D28CC2}.Debug|Win32.ActiveCfg = Debug|Win32
		{42911586-6C5F-A148-805A-9BA470D28CC2}.Debug|Win32.Build.0 = Debug|Win32
		{42911586-6C5F-A148-805A-9BA470D28CC2}.Debug|x64.ActiveCfg = Debug|x64
		{42911586-6C5F-A148-805A-9BA470D28CC2}.Debug|x64.Build.0 = Debug|x64
		{3E517FD1-AA58-0949-B2BC-8345D498F154}.Release|Win32.ActiveCfg = Release|Win32
		{3E517FD1-AA58-0949-B2BC-8345D498F154}.Release|Win32.Build.0 = Release|Win32
		{3E517FD1-AA58-0949-B2BC-8345D498F154}.Release|x64.ActiveCfg = Release|x64
		{3E517FD1-AA58-0949-B2BC-8345D498F154}.Release|x64.Build.0 = Release|x64
		{3E517FD1-AA58-0949-B2BC-8345D498F154}.Debug|Win32.ActiveCfg = Debug|Win32
		{3E517FD1-AA58-0949-B2BC-8345D498F154}.Debug|Win32.Build.0 = Debug|Win32
		{3E517FD1-AA58-0949-B2BC-8345D498F154}.Debug|x64.ActiveCfg = Debug|x64
		{3E517FD1-AA58-0949-B2BC-8345D498F154}.Debug|x64.Build.0 = Debug|x64
		{847278ED-BA23-6641-9767-746CDEF56AB6}.Release|Win32.ActiveCfg = Release|Win32
		{847278ED-BA23-6641-9767-746CDEF56AB6}.Release|Win32.Build.0 = Release|Win32
		{847278ED-BA23-6641-9767-746CDEF56AB6}.Release|x64.ActiveCfg = Release|x64
		{847278ED-BA23-6641-9767-746CDEF56AB6}.Release|x64.Build.0 = Release|x64
		{847278ED-BA23-6641-9767-746CDEF56AB6}.Debug|Win32.ActiveCfg = Debug|Win32
		{847278ED-BA23-6641-9767-746CDEF56AB6}.Debug|Win32.Build.0 = Debug|Win32
		{847278ED-BA23-6641-9767-746CDEF56AB6}.Debug|x64.ActiveCfg = Debug|x64
		{847278ED-BA23-6641-9767-746CDEF56AB6}.Debug|x64.Build.0 = Debug|x64
		{CFBE368E-2EC7-3D48-9846-5618E706252D}.Release|Win32.ActiveCfg = Release|Win32
		{CFBE368E-2EC7-3D48-9846-5618E706252D}.Release|Win32.Build.0 = Release|Win32
		{CFBE368E-2EC7-3D48-9846-5618E706252D}.Release|x64.ActiveCfg = Release|x64
		{CFBE368E-2EC7-3D48-9846-5618E706252D}.Release|x64.Build.0 = Release|x64
		{CFBE368E-2EC7-3D48-9846-5618E706252D}.Debug|Win32.ActiveCfg = Debug|Win32
		{CFBE368E-2EC7-3D48-9846-5618E706252D}.Debug|Win32.Build.0 = Debug|Win32
		{CFBE368E-2EC7-3D48-9846-5618E706252D}.Debug|x64.ActiveCfg = Debug|x64
		{CFBE368E-2EC7-3D48-9846-5618E706252D}.Debug|x64.Build.0 = Debug|x64
		{EC8999A9-E6DD-F644-81FA-8134FF6FF1C8}.Release|Win32.ActiveCfg = Release|Win32
		{EC8999A9-E6DD-F644-81FA-8134FF6FF1C8}.Release|Win32.Build.0 = Release|Win32
		{EC8999A9-E6DD-F644-81FA-8134FF6FF1C8}.Release|x64.ActiveCfg = Release|x64
		{EC8999A9-E6DD-F644-81FA-8134FF6FF1C8}.Release|x64.Build.0 = Release|x64
		{EC8999A9-E6DD-F644-81FA-8134FF6FF1C8}.Debug|Win32.ActiveCfg = Debug|Win32
		{EC8999A9-E6DD-F644-81FA-8134FF6FF1C8}.Debug|Win32.Build.0 = Debug|Win32
		{EC8999A9-E6DD-F644-81FA-8134FF6FF1C8}.Debug|x64.ActiveCfg = Debug|x64
		{EC8999A9-E6DD-F644-81FA-8134FF6FF1C8}.Debug|x64.Build.0 = Debug|x64
		{EB2BEB6A-CC93-D04E-AF32-842F8CF7E16A}.Release|Win32.ActiveCfg = Release|Win32
		{EB2BEB6A-CC93-D04E-AF32-842F8CF7E16A}.Release|Win32.Build.0 = Release|Win32
		{EB2BEB6A-CC93-D04E-AF32-842F8CF7E16A}.Release|x64.ActiveCfg = Release|x64
		{EB2BEB6A-CC93-D04E-AF32-842F8CF7E16A}.Release|x64.Build.0 = Release|x64
		{EB2BEB6A-CC93-D04E-AF32-842F8CF7E16A}.Debug|Win32.ActiveCfg = Debug|Win32
		{EB2BEB6A-CC93-D04E-AF32-842F8CF7E16A}.Debug|Win32.Build.0 = Debug|Win32
		{EB2BEB6A-CC93-D04E-AF32-842F8CF7E16A}.Debug|x64.ActiveCfg = Debug|x64
		{EB2BEB6A-CC93-D04E-AF32-842F8CF7E16A}.Debug|x64.Build.0 = Debug|x64
		{82CE69CD-9ED7-6142-8A64-0455F7FDFFEA}.Release|Win32.ActiveCfg = Release|Win32
		{82CE69CD-9ED7-6142-8A64-0455F7FDFFEA}.Release|Win32.Build.0 = Release|Win32
		{82CE69CD-9ED7-6142-8A64-0455F7FDFFEA}.Release|x64.ActiveCfg = Release|x64
		{82CE69CD-9ED7-6142-8A64-0455F7FDFFEA}.Release|x64.Build.0 = Release|x64
		{82CE69CD-9ED7-6142-8A64-0455F7FDFFEA}.Debug|Win32.ActiveCfg = Debug|Win32
		{82CE69CD-9ED7-6142-8A64-0455F7FDFFEA}.Debug|Win32.Build.0 = Debug|Win32
		{82CE69CD-9ED7-6142-8A64-0455F7FDFFEA}.Debug|x64.ActiveCfg = Debug|x64
		{82CE69CD-9ED7-6142-8A64-0455F7FDFFEA}.Debug|x64.Build.0 = Debug|x64
		{3BC23451-7FD8-114B-A03C-24B80358A016}.Release|Win32.ActiveCfg = Release|Win32
		{3BC23451-7FD8-114B-A03C-24B80358A016}.Release|Win32.Build.0 = Release|Win32
		{3BC23451-7FD8-114B-A03C-24B80358A016}.Release|x64.ActiveCfg = Release|x64
		{3BC23451-7FD8-114B-A03C-24B80358A016}.Release|x64.Build.0 = Release|x64
		{3BC23451-7FD8-114B-A03C-24B80358A016}.Debug|Win32.ActiveCfg = Debug|Win32
		{3BC23451-7FD8-114B-A03C-24B80358A016}.Debug|Win32.Build.0 = Debug|Win32
		{3BC23451-7FD8-114B-A03C-24B80358A016}.Debug|x64.ActiveCfg = Debug|x64
		{3BC23451-7FD8-114B-A03C-24B80358A016}.Debug|x64.Build.0 = Debug|x64
		{6323F0B8-1512-374B-AA36-D39195D6915C}.Release|Win32.ActiveCfg = Release|Win32
		{6323F0B8-1512-374B-AA36-D39195D6915C}.Release|Win32.Build.0 = Release|Win32
		{6323F0B8-1512-374B-AA36-D39195D6915C}.Release|x64.ActiveCfg = Release|x64
		{6323F0B8-1512-374B-AA36-D39195D6915C}.Release|x64.Build.0 = Release|x64
		{6323F0B8-1512-374B-AA36-D39195D6915C}.Debug|Win32.ActiveCfg = Debug|Win32
		{6323F0B8-1512-374B-AA36-D39195D6915C}.Debug|Win32.Build.0 = Debug|Win32
		{6323F0B8-1512-374B-AA36-D39195D6915C}.Debug|x64.ActiveCfg = Debug|x64
		{6323F0B8-1512-374B-AA36-D39195D6915C}.Debug|x64.Build.0 = Debug|x64
		{77F891DD-6099-9B4C-92A0-09065BAB06B1}.Release|Win32.ActiveCfg = Release|Win32
		{77F891DD-6099-9B4C-92A0-09065BAB06B1}.Release|Win32.Build.0 = Release|Win32
		{77F891DD-6099-9B4C-92A0-09065BAB06B1}.Release|x64.ActiveCfg = Release|x64
		{77F891DD-6099-9B4C-92A0-09065BAB06B1}.Release|x64.Build.0 = Release|x64
		{77F891DD-6099-9B4C-92A0-09065BAB06B1}.Debug|Win32.ActiveCfg = Debug|Win32
		{77F891DD-6099-9B4C-92A0-09065BAB06B1}.Debug|Win32.Build.0 = Debug|Win32
		{77F891DD-6099-9B4C-92A0-09065BAB06B1}.Debug|x64.ActiveCfg = Debug|x64
		{77F891DD-6099-9B4C-92A0-09065BAB06B1}.Debug|x64.Build.0 = Debug|x64
		{2867B845-AF51-C548-93A0-8EAF05717D72}.Release|Win32.ActiveCfg = Release|Win32
		{2867B845-AF51-C548-93A0-8EAF05717D72}.Release|Win32.Build.0 = Release|Win32
		{2867B845-AF51-C548-93A0-8EAF05717D72}.Release|x64.ActiveCfg = Release|x64
		{2867B845-AF51-C548-93A0-8EAF05717D72}.Release|x64.Build.0 = Release|x64
		{2867B845-AF51-C548-93A0-8EAF05717D72}.Debug|Win32.ActiveCfg = Debug|Win32
		{2867B845-AF51-C548-93A0-8EAF05717D72}.Debug|Win32.Build.0 = Debug|Win32
		{2867B845-AF51-C548-93A0-8EAF05717D72}.Debug|x64.ActiveCfg = Debug|x64
		{2867B845-AF51-C548-93A0-8EAF05717D72}.Debug|x64.Build.0 = Debug|x64
		{CA0CDECB-6661-6447-A6B4-A3C929C5F488}.Release|Win32.ActiveCfg = Release|Win32
		{CA0CDECB-6661-6447-A6B4-A3C929C5F488}.Release|Win32.Build.0 = Release|Win32
		{CA0CDECB-6661-6447-A6B4-A3C929C5F488}.Release|x64.ActiveCfg = Release|x64
		{CA0CDECB-6661-6447-A6B4-A3C929C5F488}.Release|x64.Build.0 = Release|x64
		{CA0CDECB-6661-6447-A6B4-A3C929C5F488}.Debug|Win32.ActiveCfg = Debug|Win32
		{CA0CDECB-6661-6447-A6B4-A3C929C5F488}.Debug|Win32.Build.0 = Debug|Win32
		{CA0CDECB-6661-6447-A6B4-A3C929C5F488}.Debug|x64.ActiveCfg = Debug|x64
		{CA0CDECB-6661-6447-A6B4-A3C929C5F488}.Debug|x64.Build.0 = Debug|x64
		{1A538F50-611A-9947-BDB4-471721B16807}.Release|Win32.ActiveCfg = Release|Win32
		{1A538F50-611A-9947-BDB4-471721B16807}.Release|Win32.Build.0 = Release|Win32
		{1A538F50-611A-9947-BDB4-471721B16807}.Release|x64.ActiveCfg = Release|x64
		{1A538F50-611A-9947-BDB4-471721B16807}.Release|x64.Build.0 = Release|x64
		{1A538F50-611A-9947-BDB4-471721B16807}.Debug|Win32.ActiveCfg = Debug|Win32
		{1A538F50-611A-9947-BDB4-471721B16807}.Debug|Win32.Build.0 = Debug|Win32
		{1A538F50-611A-9947-BDB4-471721B16807}.Debug|x64.ActiveCfg = Debug|x64
		{1A538F50-611A-9947-BDB4-471721B16807}.Debug|x64.Build.0 = Debug|x64
		{ACF23022-515A-6D46-BE04-CE32B20BEB50}.Release|Win32.ActiveCfg = Release|Win32
		{ACF23022-515A-6D46-BE04-CE32B20BEB50}.Release|Win32.Build.0 = Release|Win32
		{ACF23022-515A-6D46-BE04-CE32B20BEB50}.Release|x64.ActiveCfg = Release|x64
		{ACF23022-515A-6D46-BE04-CE32B20BEB50}.Release|x64.Build.0 = Release|x64
		{ACF23022-515A-6D46-BE04-CE32B20BEB50}.Debug|Win32.ActiveCfg = Debug|Win32
		{ACF23022-515A-6D46-BE04-CE32B20BEB50}.Debug|Win32.Build.0 = Debug|Win32
		{ACF23022-515A-6D46-BE04-CE32B20BEB50}.Debug|x64.ActiveCfg = Debug|x64
		{ACF23022-515A-6D46-BE04-CE32B20BEB50}.Debug|x64.Build.0 = Debug|x64
		{E4B7A27D-CE58-114A-986B-EF50AC5B99A1}.Release|Win32.ActiveCfg = Release|Win32
		{E4B7A27D-CE58-114A-986B-EF50AC5B99A1}.Release|Win32.Build.0 = Release|Win32
		{E4B7A27D-CE58-114A-986B-EF50AC5B99A1}.Release|x64.ActiveCfg = Release|x64
		{E4B7A27D-CE58-114A-986B-EF50AC5B99A1}.Release|x64.Build.0 = Release|x64
		{E4B7A27D-CE58-114A-986B-EF50AC5B99A1}.Debug|Win32.ActiveCfg = Debug|Win32
		{E4B7A27D-CE58-114A-986B-EF50AC5B99A1}.Debug|Win32.Build.0 = Debug|Win32
		{E4B7A27D-CE58-114A-986B-EF50AC5B99A1}.Debug|x64.ActiveCfg = Debug|x64
		{E4B7A27D-CE58-114A-986B-EF50AC5B99A1}.Debug|x64.Build.0 = Debug|x64
		{980FD028-CF75-0947-B7DD-DB0D5867961B}.Release|Win32.ActiveCfg = Release|Win32
		{980FD028-CF75-0947-B7DD-DB0D5867961B}.Release|Win32.Build.0 = Release|Win32
		{980FD028-CF75-0947-B7DD-DB0D5867961B}.Release|x64.ActiveCfg = Release|x64
		{980FD028-CF75-0947-B7DD-DB0D5867961B}.Release|x64.Build.0 = Release|x64
		{980FD028-CF75-0947-B7DD-DB0D5867961B}.Debug|Win32.ActiveCfg = Debug|Win32
		{980FD028-CF75-0947-B7DD-DB0D5867961B}.Debug|Win32.Build.0 = Debug|Win32
		{980FD028-CF75-0947-B7DD-DB0D5867961B}.Debug|x64.ActiveCfg = Debug|x64
		{980FD028-CF75-0947-B7DD-DB0D5867961B}.Debug|x64.Build.0 = Debug|x64
		{9589E5E5-FB11-1C4C-84C6-F72BEF97DB16}.Release|Win32.ActiveCfg = Release|Win32
		{9589E5E5-FB11-1C4C-84C6-F72BEF97DB16}.Release|Win32.Build.0 = Release|Win32
		{9589E5E5-FB11-1C4C-84C6-F72BEF97DB16}.Release|x64.ActiveCfg = Release|x64
		{9589E5E5-FB11-1C4C-84C6-F72BEF97DB16}.Release|x64.Build.0 = Release|x64
		{9589E5E5-FB11-1C4C-84C6-F72BEF97DB16}.Debug|Win32.ActiveCfg = Debug|Win32
		{9589E5E5-FB11-1C4C-84C6-F72BEF97DB16}.Debug|Win32.Build.0 = Debug|Win32
		{9589E5E5-FB11-1C4C-84C6-F72BEF97DB16}.Debug|x64.ActiveCfg = Debug|x64
		{9589E5E5-FB11-1C4C-84C6-F72BEF97DB16}.Debug|x64.Build.0 = Debug|x64
		{E29B355E-E106-2E43-B883-CB1E4ABEA0C2}.Release|Win32.ActiveCfg = Release|Win32
		{E29B355E-E106-2E43-B883-CB1E4ABEA0C2}.Release|Win32.Build.0 = Release|Win32
		{E29B355E-E106-2E43-B883-CB1E4ABEA0C2}.Release|x64.ActiveCfg = Release|x64
		{E29B355E-E106-2E43-B883-CB1E4ABEA0C2}.Release|x64.Build.0 = Release|x64
		{E29B355E-E106-2E43-B883-CB1E4ABEA0C2}.Debug|Win32.ActiveCfg = Debug|Win32
		{E29B355E-E106-2E43-B883-CB1E4ABEA0C2}.Debug|Win32.Build.0 = Debug|Win32
		{E29B355E-E106-2E43-B883-CB1E4ABEA0C2}.Debug|x64.ActiveCfg = Debug|x64
		{E29B355E-E106-2E43-B883-CB1E4ABEA0C2}.Debug|x64.Build.0 = Debug|x64
	EndGlobalSection
	GlobalSection(SolutionProperties) = preSolution
		HideSolutionNode = FALSE
	EndGlobalSection
EndGlobal
